// !$*UTF8*$!
{
	archiveVersion = 1;
	classes = {
	};
	objectVersion = 55;
	objects = {

/* Begin PBXBuildFile section */
		1475112227DB166700986498 /* AppDelegate.swift in Sources */ = {isa = PBXBuildFile; fileRef = 1475112127DB166700986498 /* AppDelegate.swift */; };
		1475112427DB166700986498 /* SceneDelegate.swift in Sources */ = {isa = PBXBuildFile; fileRef = 1475112327DB166700986498 /* SceneDelegate.swift */; };
		1475112627DB166700986498 /* ZKStarshipsViewController.swift in Sources */ = {isa = PBXBuildFile; fileRef = 1475112527DB166700986498 /* ZKStarshipsViewController.swift */; };
		1475112B27DB166800986498 /* Assets.xcassets in Resources */ = {isa = PBXBuildFile; fileRef = 1475112A27DB166800986498 /* Assets.xcassets */; };
		1475112E27DB166800986498 /* LaunchScreen.storyboard in Resources */ = {isa = PBXBuildFile; fileRef = 1475112C27DB166800986498 /* LaunchScreen.storyboard */; };
		1475113927DB166800986498 /* StarshipsDemoTests.swift in Sources */ = {isa = PBXBuildFile; fileRef = 1475113827DB166800986498 /* StarshipsDemoTests.swift */; };
		1475114327DB166800986498 /* StarshipsDemoUITests.swift in Sources */ = {isa = PBXBuildFile; fileRef = 1475114227DB166800986498 /* StarshipsDemoUITests.swift */; };
		1475114527DB166800986498 /* StarshipsDemoUITestsLaunchTests.swift in Sources */ = {isa = PBXBuildFile; fileRef = 1475114427DB166800986498 /* StarshipsDemoUITestsLaunchTests.swift */; };
		1475115327DB19E200986498 /* ZKNetworkingAPI.swift in Sources */ = {isa = PBXBuildFile; fileRef = 1475115227DB19E200986498 /* ZKNetworkingAPI.swift */; };
		1475115427DB19E200986498 /* ZKNetworkingAPI.swift in Sources */ = {isa = PBXBuildFile; fileRef = 1475115227DB19E200986498 /* ZKNetworkingAPI.swift */; };
		1475115627DB203300986498 /* ZKNetworkingAPITests.swift in Sources */ = {isa = PBXBuildFile; fileRef = 1475115527DB203300986498 /* ZKNetworkingAPITests.swift */; };
		1475115927DB267B00986498 /* ZKError.swift in Sources */ = {isa = PBXBuildFile; fileRef = 1475115827DB267B00986498 /* ZKError.swift */; };
		1475115A27DB267B00986498 /* ZKError.swift in Sources */ = {isa = PBXBuildFile; fileRef = 1475115827DB267B00986498 /* ZKError.swift */; };
		1475115C27DB283200986498 /* ZKErrorTests.swift in Sources */ = {isa = PBXBuildFile; fileRef = 1475115B27DB283200986498 /* ZKErrorTests.swift */; };
		1475115E27DB2AB100986498 /* ZKNetworking.swift in Sources */ = {isa = PBXBuildFile; fileRef = 1475115D27DB2AB100986498 /* ZKNetworking.swift */; };
		1475115F27DB2AB100986498 /* ZKNetworking.swift in Sources */ = {isa = PBXBuildFile; fileRef = 1475115D27DB2AB100986498 /* ZKNetworking.swift */; };
		1475116327DB2BB700986498 /* ZKRequestProtocol.swift in Sources */ = {isa = PBXBuildFile; fileRef = 1475116227DB2BB700986498 /* ZKRequestProtocol.swift */; };
		1475116427DB2BB700986498 /* ZKRequestProtocol.swift in Sources */ = {isa = PBXBuildFile; fileRef = 1475116227DB2BB700986498 /* ZKRequestProtocol.swift */; };
		1475116627DB2BC600986498 /* ZKResponseProtocol.swift in Sources */ = {isa = PBXBuildFile; fileRef = 1475116527DB2BC600986498 /* ZKResponseProtocol.swift */; };
		1475116727DB2BC600986498 /* ZKResponseProtocol.swift in Sources */ = {isa = PBXBuildFile; fileRef = 1475116527DB2BC600986498 /* ZKResponseProtocol.swift */; };
		1475116A27DB390800986498 /* ZKNetworkingTests.swift in Sources */ = {isa = PBXBuildFile; fileRef = 1475116927DB390800986498 /* ZKNetworkingTests.swift */; };
		1475116C27DB427000986498 /* ZKGetStarshipsRequest.swift in Sources */ = {isa = PBXBuildFile; fileRef = 1475116B27DB427000986498 /* ZKGetStarshipsRequest.swift */; };
		1475116D27DB427000986498 /* ZKGetStarshipsRequest.swift in Sources */ = {isa = PBXBuildFile; fileRef = 1475116B27DB427000986498 /* ZKGetStarshipsRequest.swift */; };
		1475117027DB429D00986498 /* ZKStarship.swift in Sources */ = {isa = PBXBuildFile; fileRef = 1475116F27DB429D00986498 /* ZKStarship.swift */; };
		1475117127DB429D00986498 /* ZKStarship.swift in Sources */ = {isa = PBXBuildFile; fileRef = 1475116F27DB429D00986498 /* ZKStarship.swift */; };
		1475117327DB457900986498 /* ZKGetStarshipsResponse.swift in Sources */ = {isa = PBXBuildFile; fileRef = 1475117227DB457900986498 /* ZKGetStarshipsResponse.swift */; };
		1475117427DB457900986498 /* ZKGetStarshipsResponse.swift in Sources */ = {isa = PBXBuildFile; fileRef = 1475117227DB457900986498 /* ZKGetStarshipsResponse.swift */; };
		1475117E27DB9BF800986498 /* GetStarshipsResponse.json in Resources */ = {isa = PBXBuildFile; fileRef = 1475117D27DB9BF800986498 /* GetStarshipsResponse.json */; };
		1475118027DBA1E400986498 /* GetStarshipsError.json in Resources */ = {isa = PBXBuildFile; fileRef = 1475117F27DBA1E400986498 /* GetStarshipsError.json */; };
		1475118427DC2A6E00986498 /* ZKStarshipsViewModel.swift in Sources */ = {isa = PBXBuildFile; fileRef = 1475118327DC2A6E00986498 /* ZKStarshipsViewModel.swift */; };
		1475118527DC2A6E00986498 /* ZKStarshipsViewModel.swift in Sources */ = {isa = PBXBuildFile; fileRef = 1475118327DC2A6E00986498 /* ZKStarshipsViewModel.swift */; };
		1475118727DC3B7800986498 /* ZKStarshipCell.swift in Sources */ = {isa = PBXBuildFile; fileRef = 1475118627DC3B7800986498 /* ZKStarshipCell.swift */; };
		1475118927DC3E5400986498 /* ZKStarshipViewModel.swift in Sources */ = {isa = PBXBuildFile; fileRef = 1475118827DC3E5400986498 /* ZKStarshipViewModel.swift */; };
		1475118C27DC45FC00986498 /* ZKStarshipsViewModelTests.swift in Sources */ = {isa = PBXBuildFile; fileRef = 1475118B27DC45FC00986498 /* ZKStarshipsViewModelTests.swift */; };
		1475118D27DC48C300986498 /* ZKStarshipViewModel.swift in Sources */ = {isa = PBXBuildFile; fileRef = 1475118827DC3E5400986498 /* ZKStarshipViewModel.swift */; };
		1475118F27DC4B7700986498 /* ZKStarshipViewModelTests.swift in Sources */ = {isa = PBXBuildFile; fileRef = 1475118E27DC4B7700986498 /* ZKStarshipViewModelTests.swift */; };
		1475119227DC4D3A00986498 /* Starship1.json in Resources */ = {isa = PBXBuildFile; fileRef = 1475119127DC4D3A00986498 /* Starship1.json */; };
		1475119427DC4D4B00986498 /* Starship2.json in Resources */ = {isa = PBXBuildFile; fileRef = 1475119327DC4D4B00986498 /* Starship2.json */; };
		1475119627DC577F00986498 /* ZKStarshipDetailsViewController.swift in Sources */ = {isa = PBXBuildFile; fileRef = 1475119527DC577F00986498 /* ZKStarshipDetailsViewController.swift */; };
		1475119827DC5CAB00986498 /* ZKStarshipDetailCell.swift in Sources */ = {isa = PBXBuildFile; fileRef = 1475119727DC5CAB00986498 /* ZKStarshipDetailCell.swift */; };
		1475119A27DC5CC600986498 /* ZKStarshipDetailViewModel.swift in Sources */ = {isa = PBXBuildFile; fileRef = 1475119927DC5CC600986498 /* ZKStarshipDetailViewModel.swift */; };
		1475119B27DC5CC600986498 /* ZKStarshipDetailViewModel.swift in Sources */ = {isa = PBXBuildFile; fileRef = 1475119927DC5CC600986498 /* ZKStarshipDetailViewModel.swift */; };
		1475119D27DC66EC00986498 /* ZKStarshipDetailViewModelTests.swift in Sources */ = {isa = PBXBuildFile; fileRef = 1475119C27DC66EC00986498 /* ZKStarshipDetailViewModelTests.swift */; };
		147511A027DC67AE00986498 /* ZKJSONUtil.swift in Sources */ = {isa = PBXBuildFile; fileRef = 1475119F27DC67AE00986498 /* ZKJSONUtil.swift */; };
		147511A327DCDCF100986498 /* ZKPersistenceProtocol.swift in Sources */ = {isa = PBXBuildFile; fileRef = 147511A227DCDCF100986498 /* ZKPersistenceProtocol.swift */; };
		147511A527DCDF3A00986498 /* ZKStarshipsDBHelper.swift in Sources */ = {isa = PBXBuildFile; fileRef = 147511A427DCDF3A00986498 /* ZKStarshipsDBHelper.swift */; };
/* End PBXBuildFile section */

/* Begin PBXContainerItemProxy section */
		1475113527DB166800986498 /* PBXContainerItemProxy */ = {
			isa = PBXContainerItemProxy;
			containerPortal = 1475111627DB166700986498 /* Project object */;
			proxyType = 1;
			remoteGlobalIDString = 1475111D27DB166700986498;
			remoteInfo = StarshipsDemo;
		};
		1475113F27DB166800986498 /* PBXContainerItemProxy */ = {
			isa = PBXContainerItemProxy;
			containerPortal = 1475111627DB166700986498 /* Project object */;
			proxyType = 1;
			remoteGlobalIDString = 1475111D27DB166700986498;
			remoteInfo = StarshipsDemo;
		};
/* End PBXContainerItemProxy section */

/* Begin PBXFileReference section */
		1475111E27DB166700986498 /* StarshipsDemo.app */ = {isa = PBXFileReference; explicitFileType = wrapper.application; includeInIndex = 0; path = StarshipsDemo.app; sourceTree = BUILT_PRODUCTS_DIR; };
		1475112127DB166700986498 /* AppDelegate.swift */ = {isa = PBXFileReference; lastKnownFileType = sourcecode.swift; path = AppDelegate.swift; sourceTree = "<group>"; };
		1475112327DB166700986498 /* SceneDelegate.swift */ = {isa = PBXFileReference; lastKnownFileType = sourcecode.swift; path = SceneDelegate.swift; sourceTree = "<group>"; };
		1475112527DB166700986498 /* ZKStarshipsViewController.swift */ = {isa = PBXFileReference; lastKnownFileType = sourcecode.swift; path = ZKStarshipsViewController.swift; sourceTree = "<group>"; };
		1475112A27DB166800986498 /* Assets.xcassets */ = {isa = PBXFileReference; lastKnownFileType = folder.assetcatalog; path = Assets.xcassets; sourceTree = "<group>"; };
		1475112D27DB166800986498 /* Base */ = {isa = PBXFileReference; lastKnownFileType = file.storyboard; name = Base; path = Base.lproj/LaunchScreen.storyboard; sourceTree = "<group>"; };
		1475112F27DB166800986498 /* Info.plist */ = {isa = PBXFileReference; lastKnownFileType = text.plist.xml; path = Info.plist; sourceTree = "<group>"; };
		1475113427DB166800986498 /* StarshipsDemoTests.xctest */ = {isa = PBXFileReference; explicitFileType = wrapper.cfbundle; includeInIndex = 0; path = StarshipsDemoTests.xctest; sourceTree = BUILT_PRODUCTS_DIR; };
		1475113827DB166800986498 /* StarshipsDemoTests.swift */ = {isa = PBXFileReference; lastKnownFileType = sourcecode.swift; path = StarshipsDemoTests.swift; sourceTree = "<group>"; };
		1475113E27DB166800986498 /* StarshipsDemoUITests.xctest */ = {isa = PBXFileReference; explicitFileType = wrapper.cfbundle; includeInIndex = 0; path = StarshipsDemoUITests.xctest; sourceTree = BUILT_PRODUCTS_DIR; };
		1475114227DB166800986498 /* StarshipsDemoUITests.swift */ = {isa = PBXFileReference; lastKnownFileType = sourcecode.swift; path = StarshipsDemoUITests.swift; sourceTree = "<group>"; };
		1475114427DB166800986498 /* StarshipsDemoUITestsLaunchTests.swift */ = {isa = PBXFileReference; lastKnownFileType = sourcecode.swift; path = StarshipsDemoUITestsLaunchTests.swift; sourceTree = "<group>"; };
		1475115227DB19E200986498 /* ZKNetworkingAPI.swift */ = {isa = PBXFileReference; lastKnownFileType = sourcecode.swift; path = ZKNetworkingAPI.swift; sourceTree = "<group>"; };
		1475115527DB203300986498 /* ZKNetworkingAPITests.swift */ = {isa = PBXFileReference; lastKnownFileType = sourcecode.swift; path = ZKNetworkingAPITests.swift; sourceTree = "<group>"; };
		1475115827DB267B00986498 /* ZKError.swift */ = {isa = PBXFileReference; lastKnownFileType = sourcecode.swift; path = ZKError.swift; sourceTree = "<group>"; };
		1475115B27DB283200986498 /* ZKErrorTests.swift */ = {isa = PBXFileReference; lastKnownFileType = sourcecode.swift; path = ZKErrorTests.swift; sourceTree = "<group>"; };
		1475115D27DB2AB100986498 /* ZKNetworking.swift */ = {isa = PBXFileReference; lastKnownFileType = sourcecode.swift; path = ZKNetworking.swift; sourceTree = "<group>"; };
		1475116227DB2BB700986498 /* ZKRequestProtocol.swift */ = {isa = PBXFileReference; lastKnownFileType = sourcecode.swift; path = ZKRequestProtocol.swift; sourceTree = "<group>"; };
		1475116527DB2BC600986498 /* ZKResponseProtocol.swift */ = {isa = PBXFileReference; lastKnownFileType = sourcecode.swift; path = ZKResponseProtocol.swift; sourceTree = "<group>"; };
		1475116927DB390800986498 /* ZKNetworkingTests.swift */ = {isa = PBXFileReference; lastKnownFileType = sourcecode.swift; path = ZKNetworkingTests.swift; sourceTree = "<group>"; };
		1475116B27DB427000986498 /* ZKGetStarshipsRequest.swift */ = {isa = PBXFileReference; lastKnownFileType = sourcecode.swift; path = ZKGetStarshipsRequest.swift; sourceTree = "<group>"; };
		1475116F27DB429D00986498 /* ZKStarship.swift */ = {isa = PBXFileReference; lastKnownFileType = sourcecode.swift; path = ZKStarship.swift; sourceTree = "<group>"; };
		1475117227DB457900986498 /* ZKGetStarshipsResponse.swift */ = {isa = PBXFileReference; lastKnownFileType = sourcecode.swift; path = ZKGetStarshipsResponse.swift; sourceTree = "<group>"; };
		1475117D27DB9BF800986498 /* GetStarshipsResponse.json */ = {isa = PBXFileReference; fileEncoding = 4; lastKnownFileType = text.json; path = GetStarshipsResponse.json; sourceTree = "<group>"; };
		1475117F27DBA1E400986498 /* GetStarshipsError.json */ = {isa = PBXFileReference; fileEncoding = 4; lastKnownFileType = text.json; path = GetStarshipsError.json; sourceTree = "<group>"; };
		1475118327DC2A6E00986498 /* ZKStarshipsViewModel.swift */ = {isa = PBXFileReference; lastKnownFileType = sourcecode.swift; path = ZKStarshipsViewModel.swift; sourceTree = "<group>"; };
		1475118627DC3B7800986498 /* ZKStarshipCell.swift */ = {isa = PBXFileReference; lastKnownFileType = sourcecode.swift; path = ZKStarshipCell.swift; sourceTree = "<group>"; };
		1475118827DC3E5400986498 /* ZKStarshipViewModel.swift */ = {isa = PBXFileReference; lastKnownFileType = sourcecode.swift; path = ZKStarshipViewModel.swift; sourceTree = "<group>"; };
		1475118B27DC45FC00986498 /* ZKStarshipsViewModelTests.swift */ = {isa = PBXFileReference; lastKnownFileType = sourcecode.swift; path = ZKStarshipsViewModelTests.swift; sourceTree = "<group>"; };
		1475118E27DC4B7700986498 /* ZKStarshipViewModelTests.swift */ = {isa = PBXFileReference; lastKnownFileType = sourcecode.swift; path = ZKStarshipViewModelTests.swift; sourceTree = "<group>"; };
		1475119127DC4D3A00986498 /* Starship1.json */ = {isa = PBXFileReference; fileEncoding = 4; lastKnownFileType = text.json; path = Starship1.json; sourceTree = "<group>"; };
		1475119327DC4D4B00986498 /* Starship2.json */ = {isa = PBXFileReference; fileEncoding = 4; lastKnownFileType = text.json; path = Starship2.json; sourceTree = "<group>"; };
		1475119527DC577F00986498 /* ZKStarshipDetailsViewController.swift */ = {isa = PBXFileReference; lastKnownFileType = sourcecode.swift; path = ZKStarshipDetailsViewController.swift; sourceTree = "<group>"; };
		1475119727DC5CAB00986498 /* ZKStarshipDetailCell.swift */ = {isa = PBXFileReference; lastKnownFileType = sourcecode.swift; path = ZKStarshipDetailCell.swift; sourceTree = "<group>"; };
		1475119927DC5CC600986498 /* ZKStarshipDetailViewModel.swift */ = {isa = PBXFileReference; lastKnownFileType = sourcecode.swift; path = ZKStarshipDetailViewModel.swift; sourceTree = "<group>"; };
		1475119C27DC66EC00986498 /* ZKStarshipDetailViewModelTests.swift */ = {isa = PBXFileReference; lastKnownFileType = sourcecode.swift; path = ZKStarshipDetailViewModelTests.swift; sourceTree = "<group>"; };
		1475119F27DC67AE00986498 /* ZKJSONUtil.swift */ = {isa = PBXFileReference; lastKnownFileType = sourcecode.swift; path = ZKJSONUtil.swift; sourceTree = "<group>"; };
		147511A227DCDCF100986498 /* ZKPersistenceProtocol.swift */ = {isa = PBXFileReference; lastKnownFileType = sourcecode.swift; path = ZKPersistenceProtocol.swift; sourceTree = "<group>"; };
		147511A427DCDF3A00986498 /* ZKStarshipsDBHelper.swift */ = {isa = PBXFileReference; lastKnownFileType = sourcecode.swift; path = ZKStarshipsDBHelper.swift; sourceTree = "<group>"; };
/* End PBXFileReference section */

/* Begin PBXFrameworksBuildPhase section */
		1475111B27DB166700986498 /* Frameworks */ = {
			isa = PBXFrameworksBuildPhase;
			buildActionMask = 2147483647;
			files = (
			);
			runOnlyForDeploymentPostprocessing = 0;
		};
		1475113127DB166800986498 /* Frameworks */ = {
			isa = PBXFrameworksBuildPhase;
			buildActionMask = 2147483647;
			files = (
			);
			runOnlyForDeploymentPostprocessing = 0;
		};
		1475113B27DB166800986498 /* Frameworks */ = {
			isa = PBXFrameworksBuildPhase;
			buildActionMask = 2147483647;
			files = (
			);
			runOnlyForDeploymentPostprocessing = 0;
		};
/* End PBXFrameworksBuildPhase section */

/* Begin PBXGroup section */
		1475111527DB166700986498 = {
			isa = PBXGroup;
			children = (
				1475112027DB166700986498 /* StarshipsDemo */,
				1475113727DB166800986498 /* StarshipsDemoTests */,
				1475114127DB166800986498 /* StarshipsDemoUITests */,
				1475111F27DB166700986498 /* Products */,
			);
			sourceTree = "<group>";
		};
		1475111F27DB166700986498 /* Products */ = {
			isa = PBXGroup;
			children = (
				1475111E27DB166700986498 /* StarshipsDemo.app */,
				1475113427DB166800986498 /* StarshipsDemoTests.xctest */,
				1475113E27DB166800986498 /* StarshipsDemoUITests.xctest */,
			);
			name = Products;
			sourceTree = "<group>";
		};
		1475112027DB166700986498 /* StarshipsDemo */ = {
			isa = PBXGroup;
			children = (
				147511A127DCDCDC00986498 /* Persistence */,
				1475118227DC2A4700986498 /* View */,
				1475118127DC2A3B00986498 /* ViewModel */,
				1475116E27DB428500986498 /* Model */,
				1475115727DB266D00986498 /* Error */,
				1475115127DB19AF00986498 /* Networking */,
				1475112127DB166700986498 /* AppDelegate.swift */,
				1475112327DB166700986498 /* SceneDelegate.swift */,
				1475112A27DB166800986498 /* Assets.xcassets */,
				1475112C27DB166800986498 /* LaunchScreen.storyboard */,
				1475112F27DB166800986498 /* Info.plist */,
			);
			path = StarshipsDemo;
			sourceTree = "<group>";
		};
		1475113727DB166800986498 /* StarshipsDemoTests */ = {
			isa = PBXGroup;
			children = (
				1475119E27DC679100986498 /* JSONUtil */,
				1475118A27DC45DE00986498 /* ViewModelTests */,
				1475116827DB38DC00986498 /* NetworkingTests */,
				1475113827DB166800986498 /* StarshipsDemoTests.swift */,
				1475115B27DB283200986498 /* ZKErrorTests.swift */,
			);
			path = StarshipsDemoTests;
			sourceTree = "<group>";
		};
		1475114127DB166800986498 /* StarshipsDemoUITests */ = {
			isa = PBXGroup;
			children = (
				1475114227DB166800986498 /* StarshipsDemoUITests.swift */,
				1475114427DB166800986498 /* StarshipsDemoUITestsLaunchTests.swift */,
			);
			path = StarshipsDemoUITests;
			sourceTree = "<group>";
		};
		1475115127DB19AF00986498 /* Networking */ = {
			isa = PBXGroup;
			children = (
				1475116127DB2B9C00986498 /* Response */,
				1475116027DB2B9000986498 /* Request */,
				1475115227DB19E200986498 /* ZKNetworkingAPI.swift */,
				1475115D27DB2AB100986498 /* ZKNetworking.swift */,
			);
			path = Networking;
			sourceTree = "<group>";
		};
		1475115727DB266D00986498 /* Error */ = {
			isa = PBXGroup;
			children = (
				1475115827DB267B00986498 /* ZKError.swift */,
			);
			path = Error;
			sourceTree = "<group>";
		};
		1475116027DB2B9000986498 /* Request */ = {
			isa = PBXGroup;
			children = (
				1475116227DB2BB700986498 /* ZKRequestProtocol.swift */,
				1475116B27DB427000986498 /* ZKGetStarshipsRequest.swift */,
			);
			path = Request;
			sourceTree = "<group>";
		};
		1475116127DB2B9C00986498 /* Response */ = {
			isa = PBXGroup;
			children = (
				1475116527DB2BC600986498 /* ZKResponseProtocol.swift */,
				1475117227DB457900986498 /* ZKGetStarshipsResponse.swift */,
			);
			path = Response;
			sourceTree = "<group>";
		};
		1475116827DB38DC00986498 /* NetworkingTests */ = {
			isa = PBXGroup;
			children = (
				1475117C27DB9B4700986498 /* ResponseJSONFile */,
				1475115527DB203300986498 /* ZKNetworkingAPITests.swift */,
				1475116927DB390800986498 /* ZKNetworkingTests.swift */,
			);
			path = NetworkingTests;
			sourceTree = "<group>";
		};
		1475116E27DB428500986498 /* Model */ = {
			isa = PBXGroup;
			children = (
				1475116F27DB429D00986498 /* ZKStarship.swift */,
			);
			path = Model;
			sourceTree = "<group>";
		};
		1475117C27DB9B4700986498 /* ResponseJSONFile */ = {
			isa = PBXGroup;
			children = (
				1475117F27DBA1E400986498 /* GetStarshipsError.json */,
				1475117D27DB9BF800986498 /* GetStarshipsResponse.json */,
			);
			path = ResponseJSONFile;
			sourceTree = "<group>";
		};
		1475118127DC2A3B00986498 /* ViewModel */ = {
			isa = PBXGroup;
			children = (
				1475118327DC2A6E00986498 /* ZKStarshipsViewModel.swift */,
				1475118827DC3E5400986498 /* ZKStarshipViewModel.swift */,
				1475119927DC5CC600986498 /* ZKStarshipDetailViewModel.swift */,
			);
			path = ViewModel;
			sourceTree = "<group>";
		};
		1475118227DC2A4700986498 /* View */ = {
			isa = PBXGroup;
			children = (
				1475112527DB166700986498 /* ZKStarshipsViewController.swift */,
				1475118627DC3B7800986498 /* ZKStarshipCell.swift */,
				1475119527DC577F00986498 /* ZKStarshipDetailsViewController.swift */,
				1475119727DC5CAB00986498 /* ZKStarshipDetailCell.swift */,
			);
			path = View;
			sourceTree = "<group>";
		};
		1475118A27DC45DE00986498 /* ViewModelTests */ = {
			isa = PBXGroup;
			children = (
				1475119027DC4CF200986498 /* ModelJSONFile */,
				1475118B27DC45FC00986498 /* ZKStarshipsViewModelTests.swift */,
				1475118E27DC4B7700986498 /* ZKStarshipViewModelTests.swift */,
				1475119C27DC66EC00986498 /* ZKStarshipDetailViewModelTests.swift */,
			);
			path = ViewModelTests;
			sourceTree = "<group>";
		};
		1475119027DC4CF200986498 /* ModelJSONFile */ = {
			isa = PBXGroup;
			children = (
				1475119127DC4D3A00986498 /* Starship1.json */,
				1475119327DC4D4B00986498 /* Starship2.json */,
			);
			path = ModelJSONFile;
			sourceTree = "<group>";
		};
		1475119E27DC679100986498 /* JSONUtil */ = {
			isa = PBXGroup;
			children = (
				1475119F27DC67AE00986498 /* ZKJSONUtil.swift */,
			);
			path = JSONUtil;
			sourceTree = "<group>";
		};
		147511A127DCDCDC00986498 /* Persistence */ = {
			isa = PBXGroup;
			children = (
				147511A227DCDCF100986498 /* ZKPersistenceProtocol.swift */,
				147511A427DCDF3A00986498 /* ZKStarshipsDBHelper.swift */,
			);
			path = Persistence;
			sourceTree = "<group>";
		};
/* End PBXGroup section */

/* Begin PBXNativeTarget section */
		1475111D27DB166700986498 /* StarshipsDemo */ = {
			isa = PBXNativeTarget;
			buildConfigurationList = 1475114827DB166800986498 /* Build configuration list for PBXNativeTarget "StarshipsDemo" */;
			buildPhases = (
				1475111A27DB166700986498 /* Sources */,
				1475111B27DB166700986498 /* Frameworks */,
				1475111C27DB166700986498 /* Resources */,
			);
			buildRules = (
			);
			dependencies = (
			);
			name = StarshipsDemo;
			productName = StarshipsDemo;
			productReference = 1475111E27DB166700986498 /* StarshipsDemo.app */;
			productType = "com.apple.product-type.application";
		};
		1475113327DB166800986498 /* StarshipsDemoTests */ = {
			isa = PBXNativeTarget;
			buildConfigurationList = 1475114B27DB166800986498 /* Build configuration list for PBXNativeTarget "StarshipsDemoTests" */;
			buildPhases = (
				1475113027DB166800986498 /* Sources */,
				1475113127DB166800986498 /* Frameworks */,
				1475113227DB166800986498 /* Resources */,
			);
			buildRules = (
			);
			dependencies = (
				1475113627DB166800986498 /* PBXTargetDependency */,
			);
			name = StarshipsDemoTests;
			productName = StarshipsDemoTests;
			productReference = 1475113427DB166800986498 /* StarshipsDemoTests.xctest */;
			productType = "com.apple.product-type.bundle.unit-test";
		};
		1475113D27DB166800986498 /* StarshipsDemoUITests */ = {
			isa = PBXNativeTarget;
			buildConfigurationList = 1475114E27DB166800986498 /* Build configuration list for PBXNativeTarget "StarshipsDemoUITests" */;
			buildPhases = (
				1475113A27DB166800986498 /* Sources */,
				1475113B27DB166800986498 /* Frameworks */,
				1475113C27DB166800986498 /* Resources */,
			);
			buildRules = (
			);
			dependencies = (
				1475114027DB166800986498 /* PBXTargetDependency */,
			);
			name = StarshipsDemoUITests;
			productName = StarshipsDemoUITests;
			productReference = 1475113E27DB166800986498 /* StarshipsDemoUITests.xctest */;
			productType = "com.apple.product-type.bundle.ui-testing";
		};
/* End PBXNativeTarget section */

/* Begin PBXProject section */
		1475111627DB166700986498 /* Project object */ = {
			isa = PBXProject;
			attributes = {
				BuildIndependentTargetsInParallel = 1;
				CLASSPREFIX = ZK;
				LastSwiftUpdateCheck = 1300;
				LastUpgradeCheck = 1300;
				TargetAttributes = {
					1475111D27DB166700986498 = {
						CreatedOnToolsVersion = 13.0;
					};
					1475113327DB166800986498 = {
						CreatedOnToolsVersion = 13.0;
						TestTargetID = 1475111D27DB166700986498;
					};
					1475113D27DB166800986498 = {
						CreatedOnToolsVersion = 13.0;
						TestTargetID = 1475111D27DB166700986498;
					};
				};
			};
			buildConfigurationList = 1475111927DB166700986498 /* Build configuration list for PBXProject "StarshipsDemo" */;
			compatibilityVersion = "Xcode 13.0";
			developmentRegion = en;
			hasScannedForEncodings = 0;
			knownRegions = (
				en,
				Base,
			);
			mainGroup = 1475111527DB166700986498;
			productRefGroup = 1475111F27DB166700986498 /* Products */;
			projectDirPath = "";
			projectRoot = "";
			targets = (
				1475111D27DB166700986498 /* StarshipsDemo */,
				1475113327DB166800986498 /* StarshipsDemoTests */,
				1475113D27DB166800986498 /* StarshipsDemoUITests */,
			);
		};
/* End PBXProject section */

/* Begin PBXResourcesBuildPhase section */
		1475111C27DB166700986498 /* Resources */ = {
			isa = PBXResourcesBuildPhase;
			buildActionMask = 2147483647;
			files = (
				1475112E27DB166800986498 /* LaunchScreen.storyboard in Resources */,
				1475112B27DB166800986498 /* Assets.xcassets in Resources */,
			);
			runOnlyForDeploymentPostprocessing = 0;
		};
		1475113227DB166800986498 /* Resources */ = {
			isa = PBXResourcesBuildPhase;
			buildActionMask = 2147483647;
			files = (
				1475119427DC4D4B00986498 /* Starship2.json in Resources */,
				1475117E27DB9BF800986498 /* GetStarshipsResponse.json in Resources */,
				1475119227DC4D3A00986498 /* Starship1.json in Resources */,
				1475118027DBA1E400986498 /* GetStarshipsError.json in Resources */,
			);
			runOnlyForDeploymentPostprocessing = 0;
		};
		1475113C27DB166800986498 /* Resources */ = {
			isa = PBXResourcesBuildPhase;
			buildActionMask = 2147483647;
			files = (
			);
			runOnlyForDeploymentPostprocessing = 0;
		};
/* End PBXResourcesBuildPhase section */

/* Begin PBXSourcesBuildPhase section */
		1475111A27DB166700986498 /* Sources */ = {
			isa = PBXSourcesBuildPhase;
			buildActionMask = 2147483647;
			files = (
				1475118727DC3B7800986498 /* ZKStarshipCell.swift in Sources */,
				1475118927DC3E5400986498 /* ZKStarshipViewModel.swift in Sources */,
				1475115927DB267B00986498 /* ZKError.swift in Sources */,
				1475116627DB2BC600986498 /* ZKResponseProtocol.swift in Sources */,
				1475117027DB429D00986498 /* ZKStarship.swift in Sources */,
				1475119A27DC5CC600986498 /* ZKStarshipDetailViewModel.swift in Sources */,
				1475112627DB166700986498 /* ZKStarshipsViewController.swift in Sources */,
				1475117327DB457900986498 /* ZKGetStarshipsResponse.swift in Sources */,
				1475119627DC577F00986498 /* ZKStarshipDetailsViewController.swift in Sources */,
				1475116327DB2BB700986498 /* ZKRequestProtocol.swift in Sources */,
				1475116C27DB427000986498 /* ZKGetStarshipsRequest.swift in Sources */,
				1475118427DC2A6E00986498 /* ZKStarshipsViewModel.swift in Sources */,
				1475119827DC5CAB00986498 /* ZKStarshipDetailCell.swift in Sources */,
				1475115E27DB2AB100986498 /* ZKNetworking.swift in Sources */,
				147511A327DCDCF100986498 /* ZKPersistenceProtocol.swift in Sources */,
				1475112227DB166700986498 /* AppDelegate.swift in Sources */,
				147511A527DCDF3A00986498 /* ZKStarshipsDBHelper.swift in Sources */,
				1475112427DB166700986498 /* SceneDelegate.swift in Sources */,
				1475115327DB19E200986498 /* ZKNetworkingAPI.swift in Sources */,
			);
			runOnlyForDeploymentPostprocessing = 0;
		};
		1475113027DB166800986498 /* Sources */ = {
			isa = PBXSourcesBuildPhase;
			buildActionMask = 2147483647;
			files = (
				1475115C27DB283200986498 /* ZKErrorTests.swift in Sources */,
				1475116A27DB390800986498 /* ZKNetworkingTests.swift in Sources */,
				1475118D27DC48C300986498 /* ZKStarshipViewModel.swift in Sources */,
				1475118F27DC4B7700986498 /* ZKStarshipViewModelTests.swift in Sources */,
				1475116727DB2BC600986498 /* ZKResponseProtocol.swift in Sources */,
				1475119B27DC5CC600986498 /* ZKStarshipDetailViewModel.swift in Sources */,
				1475118C27DC45FC00986498 /* ZKStarshipsViewModelTests.swift in Sources */,
				1475117127DB429D00986498 /* ZKStarship.swift in Sources */,
				1475117427DB457900986498 /* ZKGetStarshipsResponse.swift in Sources */,
				1475113927DB166800986498 /* StarshipsDemoTests.swift in Sources */,
				1475118527DC2A6E00986498 /* ZKStarshipsViewModel.swift in Sources */,
				1475116427DB2BB700986498 /* ZKRequestProtocol.swift in Sources */,
				1475115F27DB2AB100986498 /* ZKNetworking.swift in Sources */,
				1475115427DB19E200986498 /* ZKNetworkingAPI.swift in Sources */,
				1475115627DB203300986498 /* ZKNetworkingAPITests.swift in Sources */,
				1475115A27DB267B00986498 /* ZKError.swift in Sources */,
				1475119D27DC66EC00986498 /* ZKStarshipDetailViewModelTests.swift in Sources */,
				1475116D27DB427000986498 /* ZKGetStarshipsRequest.swift in Sources */,
				147511A027DC67AE00986498 /* ZKJSONUtil.swift in Sources */,
			);
			runOnlyForDeploymentPostprocessing = 0;
		};
		1475113A27DB166800986498 /* Sources */ = {
			isa = PBXSourcesBuildPhase;
			buildActionMask = 2147483647;
			files = (
				1475114327DB166800986498 /* StarshipsDemoUITests.swift in Sources */,
				1475114527DB166800986498 /* StarshipsDemoUITestsLaunchTests.swift in Sources */,
			);
			runOnlyForDeploymentPostprocessing = 0;
		};
/* End PBXSourcesBuildPhase section */

/* Begin PBXTargetDependency section */
		1475113627DB166800986498 /* PBXTargetDependency */ = {
			isa = PBXTargetDependency;
			target = 1475111D27DB166700986498 /* StarshipsDemo */;
			targetProxy = 1475113527DB166800986498 /* PBXContainerItemProxy */;
		};
		1475114027DB166800986498 /* PBXTargetDependency */ = {
			isa = PBXTargetDependency;
			target = 1475111D27DB166700986498 /* StarshipsDemo */;
			targetProxy = 1475113F27DB166800986498 /* PBXContainerItemProxy */;
		};
/* End PBXTargetDependency section */

/* Begin PBXVariantGroup section */
		1475112C27DB166800986498 /* LaunchScreen.storyboard */ = {
			isa = PBXVariantGroup;
			children = (
				1475112D27DB166800986498 /* Base */,
			);
			name = LaunchScreen.storyboard;
			sourceTree = "<group>";
		};
/* End PBXVariantGroup section */

/* Begin XCBuildConfiguration section */
		1475114627DB166800986498 /* Debug */ = {
			isa = XCBuildConfiguration;
			buildSettings = {
				ALWAYS_SEARCH_USER_PATHS = NO;
				CLANG_ANALYZER_NONNULL = YES;
				CLANG_ANALYZER_NUMBER_OBJECT_CONVERSION = YES_AGGRESSIVE;
				CLANG_CXX_LANGUAGE_STANDARD = "gnu++17";
				CLANG_CXX_LIBRARY = "libc++";
				CLANG_ENABLE_MODULES = YES;
				CLANG_ENABLE_OBJC_ARC = YES;
				CLANG_ENABLE_OBJC_WEAK = YES;
				CLANG_WARN_BLOCK_CAPTURE_AUTORELEASING = YES;
				CLANG_WARN_BOOL_CONVERSION = YES;
				CLANG_WARN_COMMA = YES;
				CLANG_WARN_CONSTANT_CONVERSION = YES;
				CLANG_WARN_DEPRECATED_OBJC_IMPLEMENTATIONS = YES;
				CLANG_WARN_DIRECT_OBJC_ISA_USAGE = YES_ERROR;
				CLANG_WARN_DOCUMENTATION_COMMENTS = YES;
				CLANG_WARN_EMPTY_BODY = YES;
				CLANG_WARN_ENUM_CONVERSION = YES;
				CLANG_WARN_INFINITE_RECURSION = YES;
				CLANG_WARN_INT_CONVERSION = YES;
				CLANG_WARN_NON_LITERAL_NULL_CONVERSION = YES;
				CLANG_WARN_OBJC_IMPLICIT_RETAIN_SELF = YES;
				CLANG_WARN_OBJC_LITERAL_CONVERSION = YES;
				CLANG_WARN_OBJC_ROOT_CLASS = YES_ERROR;
				CLANG_WARN_QUOTED_INCLUDE_IN_FRAMEWORK_HEADER = YES;
				CLANG_WARN_RANGE_LOOP_ANALYSIS = YES;
				CLANG_WARN_STRICT_PROTOTYPES = YES;
				CLANG_WARN_SUSPICIOUS_MOVE = YES;
				CLANG_WARN_UNGUARDED_AVAILABILITY = YES_AGGRESSIVE;
				CLANG_WARN_UNREACHABLE_CODE = YES;
				CLANG_WARN__DUPLICATE_METHOD_MATCH = YES;
				COPY_PHASE_STRIP = NO;
				DEBUG_INFORMATION_FORMAT = dwarf;
				ENABLE_STRICT_OBJC_MSGSEND = YES;
				ENABLE_TESTABILITY = YES;
				GCC_C_LANGUAGE_STANDARD = gnu11;
				GCC_DYNAMIC_NO_PIC = NO;
				GCC_NO_COMMON_BLOCKS = YES;
				GCC_OPTIMIZATION_LEVEL = 0;
				GCC_PREPROCESSOR_DEFINITIONS = (
					"DEBUG=1",
					"$(inherited)",
				);
				GCC_WARN_64_TO_32_BIT_CONVERSION = YES;
				GCC_WARN_ABOUT_RETURN_TYPE = YES_ERROR;
				GCC_WARN_UNDECLARED_SELECTOR = YES;
				GCC_WARN_UNINITIALIZED_AUTOS = YES_AGGRESSIVE;
				GCC_WARN_UNUSED_FUNCTION = YES;
				GCC_WARN_UNUSED_VARIABLE = YES;
				IPHONEOS_DEPLOYMENT_TARGET = 15.0;
				MTL_ENABLE_DEBUG_INFO = INCLUDE_SOURCE;
				MTL_FAST_MATH = YES;
				ONLY_ACTIVE_ARCH = YES;
				SDKROOT = iphoneos;
				SWIFT_ACTIVE_COMPILATION_CONDITIONS = DEBUG;
				SWIFT_OPTIMIZATION_LEVEL = "-Onone";
			};
			name = Debug;
		};
		1475114727DB166800986498 /* Release */ = {
			isa = XCBuildConfiguration;
			buildSettings = {
				ALWAYS_SEARCH_USER_PATHS = NO;
				CLANG_ANALYZER_NONNULL = YES;
				CLANG_ANALYZER_NUMBER_OBJECT_CONVERSION = YES_AGGRESSIVE;
				CLANG_CXX_LANGUAGE_STANDARD = "gnu++17";
				CLANG_CXX_LIBRARY = "libc++";
				CLANG_ENABLE_MODULES = YES;
				CLANG_ENABLE_OBJC_ARC = YES;
				CLANG_ENABLE_OBJC_WEAK = YES;
				CLANG_WARN_BLOCK_CAPTURE_AUTORELEASING = YES;
				CLANG_WARN_BOOL_CONVERSION = YES;
				CLANG_WARN_COMMA = YES;
				CLANG_WARN_CONSTANT_CONVERSION = YES;
				CLANG_WARN_DEPRECATED_OBJC_IMPLEMENTATIONS = YES;
				CLANG_WARN_DIRECT_OBJC_ISA_USAGE = YES_ERROR;
				CLANG_WARN_DOCUMENTATION_COMMENTS = YES;
				CLANG_WARN_EMPTY_BODY = YES;
				CLANG_WARN_ENUM_CONVERSION = YES;
				CLANG_WARN_INFINITE_RECURSION = YES;
				CLANG_WARN_INT_CONVERSION = YES;
				CLANG_WARN_NON_LITERAL_NULL_CONVERSION = YES;
				CLANG_WARN_OBJC_IMPLICIT_RETAIN_SELF = YES;
				CLANG_WARN_OBJC_LITERAL_CONVERSION = YES;
				CLANG_WARN_OBJC_ROOT_CLASS = YES_ERROR;
				CLANG_WARN_QUOTED_INCLUDE_IN_FRAMEWORK_HEADER = YES;
				CLANG_WARN_RANGE_LOOP_ANALYSIS = YES;
				CLANG_WARN_STRICT_PROTOTYPES = YES;
				CLANG_WARN_SUSPICIOUS_MOVE = YES;
				CLANG_WARN_UNGUARDED_AVAILABILITY = YES_AGGRESSIVE;
				CLANG_WARN_UNREACHABLE_CODE = YES;
				CLANG_WARN__DUPLICATE_METHOD_MATCH = YES;
				COPY_PHASE_STRIP = NO;
				DEBUG_INFORMATION_FORMAT = "dwarf-with-dsym";
				ENABLE_NS_ASSERTIONS = NO;
				ENABLE_STRICT_OBJC_MSGSEND = YES;
				GCC_C_LANGUAGE_STANDARD = gnu11;
				GCC_NO_COMMON_BLOCKS = YES;
				GCC_WARN_64_TO_32_BIT_CONVERSION = YES;
				GCC_WARN_ABOUT_RETURN_TYPE = YES_ERROR;
				GCC_WARN_UNDECLARED_SELECTOR = YES;
				GCC_WARN_UNINITIALIZED_AUTOS = YES_AGGRESSIVE;
				GCC_WARN_UNUSED_FUNCTION = YES;
				GCC_WARN_UNUSED_VARIABLE = YES;
				IPHONEOS_DEPLOYMENT_TARGET = 15.0;
				MTL_ENABLE_DEBUG_INFO = NO;
				MTL_FAST_MATH = YES;
				SDKROOT = iphoneos;
				SWIFT_COMPILATION_MODE = wholemodule;
				SWIFT_OPTIMIZATION_LEVEL = "-O";
				VALIDATE_PRODUCT = YES;
			};
			name = Release;
		};
		1475114927DB166800986498 /* Debug */ = {
			isa = XCBuildConfiguration;
			buildSettings = {
				ASSETCATALOG_COMPILER_APPICON_NAME = AppIcon;
				ASSETCATALOG_COMPILER_GLOBAL_ACCENT_COLOR_NAME = AccentColor;
				CODE_SIGN_STYLE = Automatic;
				CURRENT_PROJECT_VERSION = 1;
				DEVELOPMENT_TEAM = QPG88YU3YB;
				GENERATE_INFOPLIST_FILE = YES;
				INFOPLIST_FILE = StarshipsDemo/Info.plist;
				INFOPLIST_KEY_UIApplicationSupportsIndirectInputEvents = YES;
				INFOPLIST_KEY_UILaunchStoryboardName = LaunchScreen;
				INFOPLIST_KEY_UISupportedInterfaceOrientations_iPad = "UIInterfaceOrientationPortrait UIInterfaceOrientationPortraitUpsideDown UIInterfaceOrientationLandscapeLeft UIInterfaceOrientationLandscapeRight";
				INFOPLIST_KEY_UISupportedInterfaceOrientations_iPhone = "UIInterfaceOrientationPortrait UIInterfaceOrientationLandscapeLeft UIInterfaceOrientationLandscapeRight";
				LD_RUNPATH_SEARCH_PATHS = (
					"$(inherited)",
					"@executable_path/Frameworks",
				);
				MARKETING_VERSION = 1.0;
				PRODUCT_BUNDLE_IDENTIFIER = dev.zack.demo.startships.StarshipsDemo;
				PRODUCT_NAME = "$(TARGET_NAME)";
				SWIFT_EMIT_LOC_STRINGS = YES;
				SWIFT_VERSION = 5.0;
				TARGETED_DEVICE_FAMILY = "1,2";
			};
			name = Debug;
		};
		1475114A27DB166800986498 /* Release */ = {
			isa = XCBuildConfiguration;
			buildSettings = {
				ASSETCATALOG_COMPILER_APPICON_NAME = AppIcon;
				ASSETCATALOG_COMPILER_GLOBAL_ACCENT_COLOR_NAME = AccentColor;
				CODE_SIGN_STYLE = Automatic;
				CURRENT_PROJECT_VERSION = 1;
				DEVELOPMENT_TEAM = QPG88YU3YB;
				GENERATE_INFOPLIST_FILE = YES;
				INFOPLIST_FILE = StarshipsDemo/Info.plist;
				INFOPLIST_KEY_UIApplicationSupportsIndirectInputEvents = YES;
				INFOPLIST_KEY_UILaunchStoryboardName = LaunchScreen;
				INFOPLIST_KEY_UISupportedInterfaceOrientations_iPad = "UIInterfaceOrientationPortrait UIInterfaceOrientationPortraitUpsideDown UIInterfaceOrientationLandscapeLeft UIInterfaceOrientationLandscapeRight";
				INFOPLIST_KEY_UISupportedInterfaceOrientations_iPhone = "UIInterfaceOrientationPortrait UIInterfaceOrientationLandscapeLeft UIInterfaceOrientationLandscapeRight";
				LD_RUNPATH_SEARCH_PATHS = (
					"$(inherited)",
					"@executable_path/Frameworks",
				);
				MARKETING_VERSION = 1.0;
				PRODUCT_BUNDLE_IDENTIFIER = dev.zack.demo.startships.StarshipsDemo;
				PRODUCT_NAME = "$(TARGET_NAME)";
				SWIFT_EMIT_LOC_STRINGS = YES;
				SWIFT_VERSION = 5.0;
				TARGETED_DEVICE_FAMILY = "1,2";
			};
			name = Release;
		};
		1475114C27DB166800986498 /* Debug */ = {
			isa = XCBuildConfiguration;
			buildSettings = {
				ALWAYS_EMBED_SWIFT_STANDARD_LIBRARIES = YES;
				BUNDLE_LOADER = "$(TEST_HOST)";
				CODE_SIGN_STYLE = Automatic;
				CURRENT_PROJECT_VERSION = 1;
				DEVELOPMENT_TEAM = QPG88YU3YB;
				GENERATE_INFOPLIST_FILE = YES;
				IPHONEOS_DEPLOYMENT_TARGET = 15.0;
				LD_RUNPATH_SEARCH_PATHS = (
					"$(inherited)",
					"@executable_path/Frameworks",
					"@loader_path/Frameworks",
				);
				MARKETING_VERSION = 1.0;
				PRODUCT_BUNDLE_IDENTIFIER = dev.zack.demo.startships.StarshipsDemoTests;
				PRODUCT_NAME = "$(TARGET_NAME)";
				SWIFT_EMIT_LOC_STRINGS = NO;
				SWIFT_VERSION = 5.0;
				TARGETED_DEVICE_FAMILY = "1,2";
				TEST_HOST = "$(BUILT_PRODUCTS_DIR)/StarshipsDemo.app/StarshipsDemo";
			};
			name = Debug;
		};
		1475114D27DB166800986498 /* Release */ = {
			isa = XCBuildConfiguration;
			buildSettings = {
				ALWAYS_EMBED_SWIFT_STANDARD_LIBRARIES = YES;
				BUNDLE_LOADER = "$(TEST_HOST)";
				CODE_SIGN_STYLE = Automatic;
				CURRENT_PROJECT_VERSION = 1;
				DEVELOPMENT_TEAM = QPG88YU3YB;
				GENERATE_INFOPLIST_FILE = YES;
				IPHONEOS_DEPLOYMENT_TARGET = 15.0;
				LD_RUNPATH_SEARCH_PATHS = (
					"$(inherited)",
					"@executable_path/Frameworks",
					"@loader_path/Frameworks",
				);
				MARKETING_VERSION = 1.0;
				PRODUCT_BUNDLE_IDENTIFIER = dev.zack.demo.startships.StarshipsDemoTests;
				PRODUCT_NAME = "$(TARGET_NAME)";
				SWIFT_EMIT_LOC_STRINGS = NO;
				SWIFT_VERSION = 5.0;
				TARGETED_DEVICE_FAMILY = "1,2";
				TEST_HOST = "$(BUILT_PRODUCTS_DIR)/StarshipsDemo.app/StarshipsDemo";
			};
			name = Release;
		};
		1475114F27DB166800986498 /* Debug */ = {
			isa = XCBuildConfiguration;
			buildSettings = {
				ALWAYS_EMBED_SWIFT_STANDARD_LIBRARIES = YES;
				CODE_SIGN_STYLE = Automatic;
				CURRENT_PROJECT_VERSION = 1;
				DEVELOPMENT_TEAM = QPG88YU3YB;
				GENERATE_INFOPLIST_FILE = YES;
				LD_RUNPATH_SEARCH_PATHS = (
					"$(inherited)",
					"@executable_path/Frameworks",
					"@loader_path/Frameworks",
				);
				MARKETING_VERSION = 1.0;
				PRODUCT_BUNDLE_IDENTIFIER = dev.zack.demo.startships.StarshipsDemoUITests;
				PRODUCT_NAME = "$(TARGET_NAME)";
				SWIFT_EMIT_LOC_STRINGS = NO;
				SWIFT_VERSION = 5.0;
				TARGETED_DEVICE_FAMILY = "1,2";
				TEST_TARGET_NAME = StarshipsDemo;
			};
			name = Debug;
		};
		1475115027DB166800986498 /* Release */ = {
			isa = XCBuildConfiguration;
			buildSettings = {
				ALWAYS_EMBED_SWIFT_STANDARD_LIBRARIES = YES;
				CODE_SIGN_STYLE = Automatic;
				CURRENT_PROJECT_VERSION = 1;
				DEVELOPMENT_TEAM = QPG88YU3YB;
				GENERATE_INFOPLIST_FILE = YES;
				LD_RUNPATH_SEARCH_PATHS = (
					"$(inherited)",
					"@executable_path/Frameworks",
					"@loader_path/Frameworks",
				);
				MARKETING_VERSION = 1.0;
				PRODUCT_BUNDLE_IDENTIFIER = dev.zack.demo.startships.StarshipsDemoUITests;
				PRODUCT_NAME = "$(TARGET_NAME)";
				SWIFT_EMIT_LOC_STRINGS = NO;
				SWIFT_VERSION = 5.0;
				TARGETED_DEVICE_FAMILY = "1,2";
				TEST_TARGET_NAME = StarshipsDemo;
			};
			name = Release;
		};
/* End XCBuildConfiguration section */

/* Begin XCConfigurationList section */
		1475111927DB166700986498 /* Build configuration list for PBXProject "StarshipsDemo" */ = {
			isa = XCConfigurationList;
			buildConfigurations = (
				1475114627DB166800986498 /* Debug */,
				1475114727DB166800986498 /* Release */,
			);
			defaultConfigurationIsVisible = 0;
			defaultConfigurationName = Release;
		};
		1475114827DB166800986498 /* Build configuration list for PBXNativeTarget "StarshipsDemo" */ = {
			isa = XCConfigurationList;
			buildConfigurations = (
				1475114927DB166800986498 /* Debug */,
				1475114A27DB166800986498 /* Release */,
			);
			defaultConfigurationIsVisible = 0;
			defaultConfigurationName = Release;
		};
		1475114B27DB166800986498 /* Build configuration list for PBXNativeTarget "StarshipsDemoTests" */ = {
			isa = XCConfigurationList;
			buildConfigurations = (
				1475114C27DB166800986498 /* Debug */,
				1475114D27DB166800986498 /* Release */,
			);
			defaultConfigurationIsVisible = 0;
			defaultConfigurationName = Release;
		};
		1475114E27DB166800986498 /* Build configuration list for PBXNativeTarget "StarshipsDemoUITests" */ = {
			isa = XCConfigurationList;
			buildConfigurations = (
				1475114F27DB166800986498 /* Debug */,
				1475115027DB166800986498 /* Release */,
			);
			defaultConfigurationIsVisible = 0;
			defaultConfigurationName = Release;
		};
/* End XCConfigurationList section */
	};
	rootObject = 1475111627DB166700986498 /* Project object */;
}
